<?xml version="1.0" encoding="utf-8"?>
<Project ToolsVersion="4.0" xmlns="http://schemas.microsoft.com/developer/msbuild/2003">
  <ItemGroup>
    <Filter Include="소스 파일">
      <UniqueIdentifier>{4FC737F1-C7A5-4376-A066-2A32D752A2FF}</UniqueIdentifier>
      <Extensions>cpp;c;cc;cxx;c++;cppm;ixx;def;odl;idl;hpj;bat;asm;asmx</Extensions>
    </Filter>
    <Filter Include="헤더 파일">
      <UniqueIdentifier>{93995380-89BD-4b04-88EB-625FBE52EBFB}</UniqueIdentifier>
      <Extensions>h;hh;hpp;hxx;h++;hm;inl;inc;ipp;xsd</Extensions>
    </Filter>
    <Filter Include="리소스 파일">
      <UniqueIdentifier>{67DA6AB6-F800-4c08-8B7A-83BB121AAD01}</UniqueIdentifier>
      <Extensions>rc;ico;cur;bmp;dlg;rc2;rct;bin;rgs;gif;jpg;jpeg;jpe;resx;tiff;tif;png;wav;mfcribbon-ms</Extensions>
    </Filter>
    <Filter Include="Library">
      <UniqueIdentifier>{8083004d-7480-4a55-9d74-a002c201af46}</UniqueIdentifier>
    </Filter>
    <Filter Include="RPCMaker">
      <UniqueIdentifier>{368a8ad4-152a-4748-929f-6082de442322}</UniqueIdentifier>
    </Filter>
  </ItemGroup>
  <ItemGroup>
    <ClCompile Include="230514_RPC.cpp">
      <Filter>소스 파일</Filter>
    </ClCompile>
    <ClCompile Include="Crash.cpp">
      <Filter>헤더 파일</Filter>
    </ClCompile>
    <ClCompile Include="SystemLogger.cpp">
      <Filter>헤더 파일</Filter>
    </ClCompile>
    <ClCompile Include="Parser.cpp">
      <Filter>헤더 파일</Filter>
    </ClCompile>
  </ItemGroup>
  <ItemGroup>
    <ClInclude Include="Crash.h">
      <Filter>헤더 파일</Filter>
    </ClInclude>
    <ClInclude Include="SystemLogger.h">
      <Filter>헤더 파일</Filter>
    </ClInclude>
    <ClInclude Include="Singleton.h">
      <Filter>헤더 파일</Filter>
    </ClInclude>
    <ClInclude Include="QueueWithLock.h">
      <Filter>헤더 파일</Filter>
    </ClInclude>
    <ClInclude Include="Parser.h">
      <Filter>헤더 파일</Filter>
    </ClInclude>
    <ClInclude Include="LoginServer_CS_Stub.h">
      <Filter>헤더 파일</Filter>
    </ClInclude>
    <ClInclude Include="NetRoot\NetServer\NetSessionID.h">
      <Filter>헤더 파일</Filter>
    </ClInclude>
    <ClInclude Include="NetRoot\NetServer\NetPacketSet.h">
      <Filter>헤더 파일</Filter>
    </ClInclude>
    <ClInclude Include="LanRPCMaker.h">
      <Filter>RPCMaker</Filter>
    </ClInclude>
    <ClInclude Include="NetRPCMaker.h">
      <Filter>RPCMaker</Filter>
    </ClInclude>
    <ClInclude Include="NetRoot\Common\RPCBuffer.h">
      <Filter>헤더 파일</Filter>
    </ClInclude>
  </ItemGroup>
</Project>